{
  "name": "@clearlydefined/spdx",
  "version": "0.1.10",
  "lockfileVersion": 3,
  "requires": true,
  "packages": {
    "": {
      "name": "@clearlydefined/spdx",
      "version": "0.1.10",
      "license": "MIT",
      "dependencies": {
        "lodash": "4.18.1",
        "spdx-expression-parse": "github:clearlydefined/spdx-expression-parse.js#fork",
        "spdx-license-ids": "3.0.23",
        "spdx-license-list": "6.11.0",
        "spdx-satisfies": "github:clearlydefined/spdx-satisfies.js#parse-override"
      },
      "devDependencies": {
        "@biomejs/biome": "2.4.10",
        "@tsconfig/node24": "24.0.4",
        "@tsconfig/strictest": "2.0.8",
        "@types/lodash": "4.17.24",
        "@types/node": "24.12.2",
        "@types/spdx-expression-parse": "4.0.0",
        "@types/spdx-license-ids": "3.0.0",
        "@types/spdx-satisfies": "6.0.0",
        "typescript": "6.0.2"
      }
    },
    "node_modules/@biomejs/biome": {
      "version": "2.4.10",
      "resolved": "https://registry.npmjs.org/@biomejs/biome/-/biome-2.4.10.tgz",
      "integrity": "sha512-xxA3AphFQ1geij4JTHXv4EeSTda1IFn22ye9LdyVPoJU19fNVl0uzfEuhsfQ4Yue/0FaLs2/ccVi4UDiE7R30w==",
      "dev": true,
      "license": "MIT OR Apache-2.0",
      "bin": {
        "biome": "bin/biome"
      },
      "engines": {
        "node": ">=14.21.3"
      },
      "funding": {
        "type": "opencollective",
        "url": "https://opencollective.com/biome"
      },
      "optionalDependencies": {
        "@biomejs/cli-darwin-arm64": "2.4.10",
        "@biomejs/cli-darwin-x64": "2.4.10",
        "@biomejs/cli-linux-arm64": "2.4.10",
        "@biomejs/cli-linux-arm64-musl": "2.4.10",
        "@biomejs/cli-linux-x64": "2.4.10",
        "@biomejs/cli-linux-x64-musl": "2.4.10",
        "@biomejs/cli-win32-arm64": "2.4.10",
        "@biomejs/cli-win32-x64": "2.4.10"
      }
    },
    "node_modules/@biomejs/cli-darwin-arm64": {
      "version": "2.4.10",
      "resolved": "https://registry.npmjs.org/@biomejs/cli-darwin-arm64/-/cli-darwin-arm64-2.4.10.tgz",
      "integrity": "sha512-vuzzI1cWqDVzOMIkYyHbKqp+AkQq4K7k+UCXWpkYcY/HDn1UxdsbsfgtVpa40shem8Kax4TLDLlx8kMAecgqiw==",
      "cpu": [
        "arm64"
      ],
      "dev": true,
      "license": "MIT OR Apache-2.0",
      "optional": true,
      "os": [
        "darwin"
      ],
      "engines": {
        "node": ">=14.21.3"
      }
    },
    "node_modules/@biomejs/cli-darwin-x64": {
      "version": "2.4.10",
      "resolved": "https://registry.npmjs.org/@biomejs/cli-darwin-x64/-/cli-darwin-x64-2.4.10.tgz",
      "integrity": "sha512-14fzASRo+BPotwp7nWULy2W5xeUyFnTaq1V13Etrrxkrih+ez/2QfgFm5Ehtf5vSjtgx/IJycMMpn5kPd5ZNaA==",
      "cpu": [
        "x64"
      ],
      "dev": true,
      "license": "MIT OR Apache-2.0",
      "optional": true,
      "os": [
        "darwin"
      ],
      "engines": {
        "node": ">=14.21.3"
      }
    },
    "node_modules/@biomejs/cli-linux-arm64": {
      "version": "2.4.10",
      "resolved": "https://registry.npmjs.org/@biomejs/cli-linux-arm64/-/cli-linux-arm64-2.4.10.tgz",
      "integrity": "sha512-7MH1CMW5uuxQ/s7FLST63qF8B3Hgu2HRdZ7tA1X1+mk+St4JOuIrqdhIBnnyqeyWJNI+Bww7Es5QZ0wIc1Cmkw==",
      "cpu": [
        "arm64"
      ],
      "dev": true,
      "license": "MIT OR Apache-2.0",
      "optional": true,
      "os": [
        "linux"
      ],
      "engines": {
        "node": ">=14.21.3"
      }
    },
    "node_modules/@biomejs/cli-linux-arm64-musl": {
      "version": "2.4.10",
      "resolved": "https://registry.npmjs.org/@biomejs/cli-linux-arm64-musl/-/cli-linux-arm64-musl-2.4.10.tgz",
      "integrity": "sha512-WrJY6UuiSD/Dh+nwK2qOTu8kdMDlLV3dLMmychIghHPAysWFq1/DGC1pVZx8POE3ZkzKR3PUUnVrtZfMfaJjyQ==",
      "cpu": [
        "arm64"
      ],
      "dev": true,
      "license": "MIT OR Apache-2.0",
      "optional": true,
      "os": [
        "linux"
      ],
      "engines": {
        "node": ">=14.21.3"
      }
    },
    "node_modules/@biomejs/cli-linux-x64": {
      "version": "2.4.10",
      "resolved": "https://registry.npmjs.org/@biomejs/cli-linux-x64/-/cli-linux-x64-2.4.10.tgz",
      "integrity": "sha512-tZLvEEi2u9Xu1zAqRjTcpIDGVtldigVvzug2fTuPG0ME/g8/mXpRPcNgLB22bGn6FvLJpHHnqLnwliOu8xjYrg==",
      "cpu": [
        "x64"
      ],
      "dev": true,
      "license": "MIT OR Apache-2.0",
      "optional": true,
      "os": [
        "linux"
      ],
      "engines": {
        "node": ">=14.21.3"
      }
    },
    "node_modules/@biomejs/cli-linux-x64-musl": {
      "version": "2.4.10",
      "resolved": "https://registry.npmjs.org/@biomejs/cli-linux-x64-musl/-/cli-linux-x64-musl-2.4.10.tgz",
      "integrity": "sha512-kDTi3pI6PBN6CiczsWYOyP2zk0IJI08EWEQyDMQWW221rPaaEz6FvjLhnU07KMzLv8q3qSuoB93ua6inSQ55Tw==",
      "cpu": [
        "x64"
      ],
      "dev": true,
      "license": "MIT OR Apache-2.0",
      "optional": true,
      "os": [
        "linux"
      ],
      "engines": {
        "node": ">=14.21.3"
      }
    },
    "node_modules/@biomejs/cli-win32-arm64": {
      "version": "2.4.10",
      "resolved": "https://registry.npmjs.org/@biomejs/cli-win32-arm64/-/cli-win32-arm64-2.4.10.tgz",
      "integrity": "sha512-umwQU6qPzH+ISTf/eHyJ/QoQnJs3V9Vpjz2OjZXe9MVBZ7prgGafMy7yYeRGnlmDAn87AKTF3Q6weLoMGpeqdQ==",
      "cpu": [
        "arm64"
      ],
      "dev": true,
      "license": "MIT OR Apache-2.0",
      "optional": true,
      "os": [
        "win32"
      ],
      "engines": {
        "node": ">=14.21.3"
      }
    },
    "node_modules/@biomejs/cli-win32-x64": {
      "version": "2.4.10",
      "resolved": "https://registry.npmjs.org/@biomejs/cli-win32-x64/-/cli-win32-x64-2.4.10.tgz",
      "integrity": "sha512-aW/JU5GuyH4uxMrNYpoC2kjaHlyJGLgIa3XkhPEZI0uKhZhJZU8BuEyJmvgzSPQNGozBwWjC972RaNdcJ9KyJg==",
      "cpu": [
        "x64"
      ],
      "dev": true,
      "license": "MIT OR Apache-2.0",
      "optional": true,
      "os": [
        "win32"
      ],
      "engines": {
        "node": ">=14.21.3"
      }
    },
    "node_modules/@tsconfig/node24": {
      "version": "24.0.4",
      "resolved": "https://registry.npmjs.org/@tsconfig/node24/-/node24-24.0.4.tgz",
      "integrity": "sha512-2A933l5P5oCbv6qSxHs7ckKwobs8BDAe9SJ/Xr2Hy+nDlwmLE1GhFh/g/vXGRZWgxBg9nX/5piDtHR9Dkw/XuA==",
      "dev": true,
      "license": "MIT"
    },
    "node_modules/@tsconfig/strictest": {
      "version": "2.0.8",
      "resolved": "https://registry.npmjs.org/@tsconfig/strictest/-/strictest-2.0.8.tgz",
      "integrity": "sha512-XnQ7vNz5HRN0r88GYf1J9JJjqtZPiHt2woGJOo2dYqyHGGcd6OLGqSlBB6p1j9mpzja6Oe5BoPqWmeDx6X9rLw==",
      "dev": true,
      "license": "MIT"
    },
    "node_modules/@types/lodash": {
      "version": "4.17.24",
      "resolved": "https://registry.npmjs.org/@types/lodash/-/lodash-4.17.24.tgz",
      "integrity": "sha512-gIW7lQLZbue7lRSWEFql49QJJWThrTFFeIMJdp3eH4tKoxm1OvEPg02rm4wCCSHS0cL3/Fizimb35b7k8atwsQ==",
      "dev": true,
      "license": "MIT"
    },
    "node_modules/@types/node": {
      "version": "24.12.2",
      "resolved": "https://registry.npmjs.org/@types/node/-/node-24.12.2.tgz",
      "integrity": "sha512-A1sre26ke7HDIuY/M23nd9gfB+nrmhtYyMINbjI1zHJxYteKR6qSMX56FsmjMcDb3SMcjJg5BiRRgOCC/yBD0g==",
      "dev": true,
      "license": "MIT",
      "dependencies": {
        "undici-types": "~7.16.0"
      }
    },
    "node_modules/@types/spdx-expression-parse": {
      "version": "4.0.0",
      "resolved": "https://registry.npmjs.org/@types/spdx-expression-parse/-/spdx-expression-parse-4.0.0.tgz",
      "integrity": "sha512-odQzy87phelGS4inXOzjmusx4hoCVD0IbxUANxHzVkmTzMRTNnUPoq1urIl7S1qf09KcDWKLFIftPmLtgbsAHA==",
      "dev": true,
      "license": "MIT"
    },
    "node_modules/@types/spdx-license-ids": {
      "version": "3.0.0",
      "resolved": "https://registry.npmjs.org/@types/spdx-license-ids/-/spdx-license-ids-3.0.0.tgz",
      "integrity": "sha512-x+bDiv6h46IR5lUipX/ndSWlOrwLxTFpTelLGRDcYm3vrELDaMpKFXIrIuxmpPl/I+IzMeOPBPWsribCFqmgBg==",
      "dev": true,
      "license": "MIT"
    },
    "node_modules/@types/spdx-satisfies": {
      "version": "6.0.0",
      "resolved": "https://registry.npmjs.org/@types/spdx-satisfies/-/spdx-satisfies-6.0.0.tgz",
      "integrity": "sha512-kOngOQzzhQrj4axuWWSWGzOO6MAe5eQ5qG3Zepe4LE/7lQJf7oYW8gAlNOywOhCpVY6oPs/YuJD463VdTk16ZQ==",
      "dev": true,
      "license": "MIT"
    },
    "node_modules/array-find-index": {
      "version": "1.0.2",
      "resolved": "https://registry.npmjs.org/array-find-index/-/array-find-index-1.0.2.tgz",
      "integrity": "sha512-M1HQyIXcBGtVywBt8WVdim+lrNaK7VHp99Qt5pSNziXznKHViIBbXWtfRTpEFpF/c4FdfxNAsCCwPp5phBYJtw==",
      "engines": {
        "node": ">=0.10.0"
      }
    },
    "node_modules/lodash": {
      "version": "4.18.1",
      "resolved": "https://registry.npmjs.org/lodash/-/lodash-4.18.1.tgz",
      "integrity": "sha512-dMInicTPVE8d1e5otfwmmjlxkZoUpiVLwyeTdUsi/Caj/gfzzblBcCE5sRHV/AsjuCmxWrte2TNGSYuCeCq+0Q==",
      "license": "MIT"
    },
    "node_modules/spdx-compare": {
      "version": "1.0.0",
      "resolved": "https://registry.npmjs.org/spdx-compare/-/spdx-compare-1.0.0.tgz",
      "integrity": "sha512-C1mDZOX0hnu0ep9dfmuoi03+eOdDoz2yvK79RxbcrVEG1NO1Ph35yW102DHWKN4pk80nwCgeMmSY5L25VE4D9A==",
      "dependencies": {
        "array-find-index": "^1.0.2",
        "spdx-expression-parse": "^3.0.0",
        "spdx-ranges": "^2.0.0"
      }
    },
    "node_modules/spdx-exceptions": {
      "version": "2.5.0",
      "resolved": "https://registry.npmjs.org/spdx-exceptions/-/spdx-exceptions-2.5.0.tgz",
      "integrity": "sha512-PiU42r+xO4UbUS1buo3LPJkjlO7430Xn5SVAhdpzzsPHsjbYVflnnFdATgabnLude+Cqu25p6N+g2lw/PFsa4w=="
    },
    "node_modules/spdx-expression-parse": {
      "version": "3.0.0",
      "resolved": "git+ssh://git@github.com/clearlydefined/spdx-expression-parse.js.git#c5029ff32732cd29d2ac53e05172e91430ddcaa1",
      "integrity": "sha512-wOUSPNx5VwlxE/DSRMlL//eGDK14RwlcSeRcRAB1/2iVEy44JqwAbmcnEZM87osxv0/R3RraP4ts9QPqnO6kIQ==",
      "license": "MIT",
      "dependencies": {
        "spdx-exceptions": "^2.5.0",
        "spdx-license-ids": "^3.0.23"
      }
    },
    "node_modules/spdx-license-ids": {
      "version": "3.0.23",
      "resolved": "https://registry.npmjs.org/spdx-license-ids/-/spdx-license-ids-3.0.23.tgz",
      "integrity": "sha512-CWLcCCH7VLu13TgOH+r8p1O/Znwhqv/dbb6lqWy67G+pT1kHmeD/+V36AVb/vq8QMIQwVShJ6Ssl5FPh0fuSdw==",
      "license": "CC0-1.0"
    },
    "node_modules/spdx-license-list": {
      "version": "6.11.0",
      "resolved": "https://registry.npmjs.org/spdx-license-list/-/spdx-license-list-6.11.0.tgz",
      "integrity": "sha512-p5ICd51dSnh7zIMtPgbB9ShBg3HMT77OeI6WVhrFFvxa5KIFYNcqxD4joAE+n1zZ7wlJdEkrOMwC75JUMMmsJA==",
      "license": "CC0-1.0",
      "engines": {
        "node": ">=8"
      },
      "funding": {
        "url": "https://github.com/sponsors/sindresorhus"
      }
    },
    "node_modules/spdx-ranges": {
      "version": "2.1.1",
      "resolved": "https://registry.npmjs.org/spdx-ranges/-/spdx-ranges-2.1.1.tgz",
      "integrity": "sha512-mcdpQFV7UDAgLpXEE/jOMqvK4LBoO0uTQg0uvXUewmEFhpiZx5yJSZITHB8w1ZahKdhfZqP5GPEOKLyEq5p8XA=="
    },
    "node_modules/spdx-satisfies": {
      "version": "5.0.0",
      "resolved": "git+ssh://git@github.com/clearlydefined/spdx-satisfies.js.git#b9571c0180dd95f160e7ddd522761c9e6a153259",
      "license": "MIT",
      "dependencies": {
        "spdx-compare": "^1.0.0",
        "spdx-expression-parse": "^3.0.0",
        "spdx-ranges": "^2.0.0"
      }
    },
    "node_modules/typescript": {
      "version": "6.0.2",
      "resolved": "https://registry.npmjs.org/typescript/-/typescript-6.0.2.tgz",
      "integrity": "sha512-bGdAIrZ0wiGDo5l8c++HWtbaNCWTS4UTv7RaTH/ThVIgjkveJt83m74bBHMJkuCbslY8ixgLBVZJIOiQlQTjfQ==",
      "dev": true,
      "license": "Apache-2.0",
      "bin": {
        "tsc": "bin/tsc",
        "tsserver": "bin/tsserver"
      },
      "engines": {
        "node": ">=14.17"
      }
    },
    "node_modules/undici-types": {
      "version": "7.16.0",
      "resolved": "https://registry.npmjs.org/undici-types/-/undici-types-7.16.0.tgz",
      "integrity": "sha512-Zz+aZWSj8LE6zoxD+xrjh4VfkIG8Ya6LvYkZqtUQGJPZjYl53ypCaUwWqo7eI0x66KBGeRo+mlBEkMSeSZ38Nw==",
      "dev": true,
      "license": "MIT"
    }
  }
}
